
Microsoft Visual Studio Solution File, Format Version 12.00
# Visual Studio Version 17
VisualStudioVersion = 17.8.34525.116
MinimumVisualStudioVersion = 10.0.40219.1
Project("{FAE04EC0-301F-11D3-BF4B-00C04F79EFBC}") = "Q1", "c#lab8\Q1.csproj", "{B7997D71-C5B2-454D-BC95-AA34EA86DA55}"
EndProject
Project("{FAE04EC0-301F-11D3-BF4B-00C04F79EFBC}") = "Q2", "Q2\Q2.csproj", "{2F3F8818-3BA8-4289-A018-15DDDEA12FE6}"
EndProject
Global
	GlobalSection(SolutionConfigurationPlatforms) = preSolution
		Debug|Any CPU = Debug|Any CPU
		Release|Any CPU = Release|Any CPU
	EndGlobalSection
	GlobalSection(ProjectConfigurationPlatforms) = postSolution
		{B7997D71-C5B2-454D-BC95-AA34EA86DA55}.Debug|Any CPU.ActiveCfg = Debug|Any CPU
		{B7997D71-C5B2-454D-BC95-AA34EA86DA55}.Debug|Any CPU.Build.0 = Debug|Any CPU
		{B7997D71-C5B2-454D-BC95-AA34EA86DA55}.Release|Any CPU.ActiveCfg = Release|Any CPU
		{B7997D71-C5B2-454D-BC95-AA34EA86DA55}.Release|Any CPU.Build.0 = Release|Any CPU
		{2F3F8818-3BA8-4289-A018-15DDDEA12FE6}.Debug|Any CPU.ActiveCfg = Debug|Any CPU
		{2F3F8818-3BA8-4289-A018-15DDDEA12FE6}.Debug|Any CPU.Build.0 = Debug|Any CPU
		{2F3F8818-3BA8-4289-A018-15DDDEA12FE6}.Release|Any CPU.ActiveCfg = Release|Any CPU
		{2F3F8818-3BA8-4289-A018-15DDDEA12FE6}.Release|Any CPU.Build.0 = Release|Any CPU
	EndGlobalSection
	GlobalSection(SolutionProperties) = preSolution
		HideSolutionNode = FALSE
	EndGlobalSection
	GlobalSection(ExtensibilityGlobals) = postSolution
		SolutionGuid = {9DFDF27C-3F34-4005-95E4-ADD815B55144}
	EndGlobalSection
EndGlobal
